// !$*UTF8*$!
{
	archiveVersion = 1;
	classes = {
	};
	objectVersion = 56;
	objects = {

/* Begin PBXBuildFile section */
		E30F238029705EFA006E6A6E /* Chimp_TestApp.swift in Sources */ = {isa = PBXBuildFile; fileRef = E30F237F29705EFA006E6A6E /* Chimp_TestApp.swift */; };
		E30F238229705EFA006E6A6E /* ContentView.swift in Sources */ = {isa = PBXBuildFile; fileRef = E30F238129705EFA006E6A6E /* ContentView.swift */; };
		E30F238429705EFC006E6A6E /* Assets.xcassets in Resources */ = {isa = PBXBuildFile; fileRef = E30F238329705EFC006E6A6E /* Assets.xcassets */; };
		E30F238729705EFC006E6A6E /* Preview Assets.xcassets in Resources */ = {isa = PBXBuildFile; fileRef = E30F238629705EFC006E6A6E /* Preview Assets.xcassets */; };
		E30F239229705F47006E6A6E /* AltGameView.swift in Sources */ = {isa = PBXBuildFile; fileRef = E30F239129705F47006E6A6E /* AltGameView.swift */; };
		E30F23982970D0B4006E6A6E /* LoseView.swift in Sources */ = {isa = PBXBuildFile; fileRef = E30F23972970D0B4006E6A6E /* LoseView.swift */; };
		E30F239A2970D15B006E6A6E /* HelpView.swift in Sources */ = {isa = PBXBuildFile; fileRef = E30F23992970D15B006E6A6E /* HelpView.swift */; };
		E30F23A42975BEF0006E6A6E /* dNote.mp3 in Resources */ = {isa = PBXBuildFile; fileRef = E30F23A32975BEF0006E6A6E /* dNote.mp3 */; };
		E30F23A72975C164006E6A6E /* AudioPlayer.swift in Sources */ = {isa = PBXBuildFile; fileRef = E30F23A62975C164006E6A6E /* AudioPlayer.swift */; };
		E30F23C82976FAA1006E6A6E /* MainGameView.swift in Sources */ = {isa = PBXBuildFile; fileRef = E30F23C72976FAA1006E6A6E /* MainGameView.swift */; };
/* End PBXBuildFile section */

/* Begin PBXFileReference section */
		E30F237C29705EFA006E6A6E /* Chimp Test.app */ = {isa = PBXFileReference; explicitFileType = wrapper.application; includeInIndex = 0; path = "Chimp Test.app"; sourceTree = BUILT_PRODUCTS_DIR; };
		E30F237F29705EFA006E6A6E /* Chimp_TestApp.swift */ = {isa = PBXFileReference; lastKnownFileType = sourcecode.swift; path = Chimp_TestApp.swift; sourceTree = "<group>"; };
		E30F238129705EFA006E6A6E /* ContentView.swift */ = {isa = PBXFileReference; lastKnownFileType = sourcecode.swift; path = ContentView.swift; sourceTree = "<group>"; };
		E30F238329705EFC006E6A6E /* Assets.xcassets */ = {isa = PBXFileReference; lastKnownFileType = folder.assetcatalog; path = Assets.xcassets; sourceTree = "<group>"; };
		E30F238629705EFC006E6A6E /* Preview Assets.xcassets */ = {isa = PBXFileReference; lastKnownFileType = folder.assetcatalog; path = "Preview Assets.xcassets"; sourceTree = "<group>"; };
		E30F239129705F47006E6A6E /* AltGameView.swift */ = {isa = PBXFileReference; lastKnownFileType = sourcecode.swift; path = AltGameView.swift; sourceTree = "<group>"; };
		E30F23972970D0B4006E6A6E /* LoseView.swift */ = {isa = PBXFileReference; lastKnownFileType = sourcecode.swift; path = LoseView.swift; sourceTree = "<group>"; };
		E30F23992970D15B006E6A6E /* HelpView.swift */ = {isa = PBXFileReference; lastKnownFileType = sourcecode.swift; path = HelpView.swift; sourceTree = "<group>"; };
		E30F23A32975BEF0006E6A6E /* dNote.mp3 */ = {isa = PBXFileReference; lastKnownFileType = audio.mp3; path = dNote.mp3; sourceTree = "<group>"; };
		E30F23A62975C164006E6A6E /* AudioPlayer.swift */ = {isa = PBXFileReference; lastKnownFileType = sourcecode.swift; path = AudioPlayer.swift; sourceTree = "<group>"; };
		E30F23C72976FAA1006E6A6E /* MainGameView.swift */ = {isa = PBXFileReference; lastKnownFileType = sourcecode.swift; path = MainGameView.swift; sourceTree = "<group>"; };
/* End PBXFileReference section */

/* Begin PBXFrameworksBuildPhase section */
		E30F237929705EFA006E6A6E /* Frameworks */ = {
			isa = PBXFrameworksBuildPhase;
			buildActionMask = 2147483647;
			files = (
			);
			runOnlyForDeploymentPostprocessing = 0;
		};
/* End PBXFrameworksBuildPhase section */

/* Begin PBXGroup section */
		E30F237329705EFA006E6A6E = {
			isa = PBXGroup;
			children = (
				E30F237E29705EFA006E6A6E /* Chimp Test */,
				E30F237D29705EFA006E6A6E /* Products */,
			);
			sourceTree = "<group>";
		};
		E30F237D29705EFA006E6A6E /* Products */ = {
			isa = PBXGroup;
			children = (
				E30F237C29705EFA006E6A6E /* Chimp Test.app */,
			);
			name = Products;
			sourceTree = "<group>";
		};
		E30F237E29705EFA006E6A6E /* Chimp Test */ = {
			isa = PBXGroup;
			children = (
				E30F23A52975C150006E6A6E /* Helpers */,
				E30F238D29705F2B006E6A6E /* Views */,
				E30F237F29705EFA006E6A6E /* Chimp_TestApp.swift */,
				E30F23A32975BEF0006E6A6E /* dNote.mp3 */,
				E30F238329705EFC006E6A6E /* Assets.xcassets */,
				E30F238529705EFC006E6A6E /* Preview Content */,
			);
			path = "Chimp Test";
			sourceTree = "<group>";
		};
		E30F238529705EFC006E6A6E /* Preview Content */ = {
			isa = PBXGroup;
			children = (
				E30F238629705EFC006E6A6E /* Preview Assets.xcassets */,
			);
			path = "Preview Content";
			sourceTree = "<group>";
		};
		E30F238D29705F2B006E6A6E /* Views */ = {
			isa = PBXGroup;
			children = (
				E30F238129705EFA006E6A6E /* ContentView.swift */,
				E30F239129705F47006E6A6E /* AltGameView.swift */,
				E30F23C72976FAA1006E6A6E /* MainGameView.swift */,
				E30F23972970D0B4006E6A6E /* LoseView.swift */,
				E30F23992970D15B006E6A6E /* HelpView.swift */,
			);
			path = Views;
			sourceTree = "<group>";
		};
		E30F23A52975C150006E6A6E /* Helpers */ = {
			isa = PBXGroup;
			children = (
				E30F23A62975C164006E6A6E /* AudioPlayer.swift */,
			);
			path = Helpers;
			sourceTree = "<group>";
		};
/* End PBXGroup section */

/* Begin PBXNativeTarget section */
		E30F237B29705EFA006E6A6E /* Chimp Test */ = {
			isa = PBXNativeTarget;
			buildConfigurationList = E30F238A29705EFC006E6A6E /* Build configuration list for PBXNativeTarget "Chimp Test" */;
			buildPhases = (
				E30F237829705EFA006E6A6E /* Sources */,
				E30F237929705EFA006E6A6E /* Frameworks */,
				E30F237A29705EFA006E6A6E /* Resources */,
			);
			buildRules = (
			);
			dependencies = (
			);
			name = "Chimp Test";
			productName = "Chimp Test";
			productReference = E30F237C29705EFA006E6A6E /* Chimp Test.app */;
			productType = "com.apple.product-type.application";
		};
/* End PBXNativeTarget section */

/* Begin PBXProject section */
		E30F237429705EFA006E6A6E /* Project object */ = {
			isa = PBXProject;
			attributes = {
				BuildIndependentTargetsInParallel = 1;
				LastSwiftUpdateCheck = 1400;
				LastUpgradeCheck = 1400;
				TargetAttributes = {
					E30F237B29705EFA006E6A6E = {
						CreatedOnToolsVersion = 14.0;
					};
				};
			};
			buildConfigurationList = E30F237729705EFA006E6A6E /* Build configuration list for PBXProject "Chimp Test" */;
			compatibilityVersion = "Xcode 14.0";
			developmentRegion = en;
			hasScannedForEncodings = 0;
			knownRegions = (
				en,
				Base,
			);
			mainGroup = E30F237329705EFA006E6A6E;
			productRefGroup = E30F237D29705EFA006E6A6E /* Products */;
			projectDirPath = "";
			projectRoot = "";
			targets = (
				E30F237B29705EFA006E6A6E /* Chimp Test */,
			);
		};
/* End PBXProject section */

/* Begin PBXResourcesBuildPhase section */
		E30F237A29705EFA006E6A6E /* Resources */ = {
			isa = PBXResourcesBuildPhase;
			buildActionMask = 2147483647;
			files = (
				E30F23A42975BEF0006E6A6E /* dNote.mp3 in Resources */,
				E30F238729705EFC006E6A6E /* Preview Assets.xcassets in Resources */,
				E30F238429705EFC006E6A6E /* Assets.xcassets in Resources */,
			);
			runOnlyForDeploymentPostprocessing = 0;
		};
/* End PBXResourcesBuildPhase section */

/* Begin PBXSourcesBuildPhase section */
		E30F237829705EFA006E6A6E /* Sources */ = {
			isa = PBXSourcesBuildPhase;
			buildActionMask = 2147483647;
			files = (
				E30F239229705F47006E6A6E /* AltGameView.swift in Sources */,
				E30F238229705EFA006E6A6E /* ContentView.swift in Sources */,
				E30F238029705EFA006E6A6E /* Chimp_TestApp.swift in Sources */,
				E30F23C82976FAA1006E6A6E /* MainGameView.swift in Sources */,
				E30F239A2970D15B006E6A6E /* HelpView.swift in Sources */,
				E30F23982970D0B4006E6A6E /* LoseView.swift in Sources */,
				E30F23A72975C164006E6A6E /* AudioPlayer.swift in Sources */,
			);
			runOnlyForDeploymentPostprocessing = 0;
		};
/* End PBXSourcesBuildPhase section */

/* Begin XCBuildConfiguration section */
		E30F238829705EFC006E6A6E /* Debug */ = {
			isa = XCBuildConfiguration;
			buildSettings = {
				ALWAYS_SEARCH_USER_PATHS = NO;
				CLANG_ANALYZER_NONNULL = YES;
				CLANG_ANALYZER_NUMBER_OBJECT_CONVERSION = YES_AGGRESSIVE;
				CLANG_CXX_LANGUAGE_STANDARD = "gnu++20";
				CLANG_ENABLE_MODULES = YES;
				CLANG_ENABLE_OBJC_ARC = YES;
				CLANG_ENABLE_OBJC_WEAK = YES;
				CLANG_WARN_BLOCK_CAPTURE_AUTORELEASING = YES;
				CLANG_WARN_BOOL_CONVERSION = YES;
				CLANG_WARN_COMMA = YES;
				CLANG_WARN_CONSTANT_CONVERSION = YES;
				CLANG_WARN_DEPRECATED_OBJC_IMPLEMENTATIONS = YES;
				CLANG_WARN_DIRECT_OBJC_ISA_USAGE = YES_ERROR;
				CLANG_WARN_DOCUMENTATION_COMMENTS = YES;
				CLANG_WARN_EMPTY_BODY = YES;
				CLANG_WARN_ENUM_CONVERSION = YES;
				CLANG_WARN_INFINITE_RECURSION = YES;
				CLANG_WARN_INT_CONVERSION = YES;
				CLANG_WARN_NON_LITERAL_NULL_CONVERSION = YES;
				CLANG_WARN_OBJC_IMPLICIT_RETAIN_SELF = YES;
				CLANG_WARN_OBJC_LITERAL_CONVERSION = YES;
				CLANG_WARN_OBJC_ROOT_CLASS = YES_ERROR;
				CLANG_WARN_QUOTED_INCLUDE_IN_FRAMEWORK_HEADER = YES;
				CLANG_WARN_RANGE_LOOP_ANALYSIS = YES;
				CLANG_WARN_STRICT_PROTOTYPES = YES;
				CLANG_WARN_SUSPICIOUS_MOVE = YES;
				CLANG_WARN_UNGUARDED_AVAILABILITY = YES_AGGRESSIVE;
				CLANG_WARN_UNREACHABLE_CODE = YES;
				CLANG_WARN__DUPLICATE_METHOD_MATCH = YES;
				COPY_PHASE_STRIP = NO;
				DEBUG_INFORMATION_FORMAT = dwarf;
				ENABLE_STRICT_OBJC_MSGSEND = YES;
				ENABLE_TESTABILITY = YES;
				GCC_C_LANGUAGE_STANDARD = gnu11;
				GCC_DYNAMIC_NO_PIC = NO;
				GCC_NO_COMMON_BLOCKS = YES;
				GCC_OPTIMIZATION_LEVEL = 0;
				GCC_PREPROCESSOR_DEFINITIONS = (
					"DEBUG=1",
					"$(inherited)",
				);
				GCC_WARN_64_TO_32_BIT_CONVERSION = YES;
				GCC_WARN_ABOUT_RETURN_TYPE = YES_ERROR;
				GCC_WARN_UNDECLARED_SELECTOR = YES;
				GCC_WARN_UNINITIALIZED_AUTOS = YES_AGGRESSIVE;
				GCC_WARN_UNUSED_FUNCTION = YES;
				GCC_WARN_UNUSED_VARIABLE = YES;
				IPHONEOS_DEPLOYMENT_TARGET = 16.0;
				MTL_ENABLE_DEBUG_INFO = INCLUDE_SOURCE;
				MTL_FAST_MATH = YES;
				ONLY_ACTIVE_ARCH = YES;
				SDKROOT = iphoneos;
				SWIFT_ACTIVE_COMPILATION_CONDITIONS = DEBUG;
				SWIFT_OPTIMIZATION_LEVEL = "-Onone";
			};
			name = Debug;
		};
		E30F238929705EFC006E6A6E /* Release */ = {
			isa = XCBuildConfiguration;
			buildSettings = {
				ALWAYS_SEARCH_USER_PATHS = NO;
				CLANG_ANALYZER_NONNULL = YES;
				CLANG_ANALYZER_NUMBER_OBJECT_CONVERSION = YES_AGGRESSIVE;
				CLANG_CXX_LANGUAGE_STANDARD = "gnu++20";
				CLANG_ENABLE_MODULES = YES;
				CLANG_ENABLE_OBJC_ARC = YES;
				CLANG_ENABLE_OBJC_WEAK = YES;
				CLANG_WARN_BLOCK_CAPTURE_AUTORELEASING = YES;
				CLANG_WARN_BOOL_CONVERSION = YES;
				CLANG_WARN_COMMA = YES;
				CLANG_WARN_CONSTANT_CONVERSION = YES;
				CLANG_WARN_DEPRECATED_OBJC_IMPLEMENTATIONS = YES;
				CLANG_WARN_DIRECT_OBJC_ISA_USAGE = YES_ERROR;
				CLANG_WARN_DOCUMENTATION_COMMENTS = YES;
				CLANG_WARN_EMPTY_BODY = YES;
				CLANG_WARN_ENUM_CONVERSION = YES;
				CLANG_WARN_INFINITE_RECURSION = YES;
				CLANG_WARN_INT_CONVERSION = YES;
				CLANG_WARN_NON_LITERAL_NULL_CONVERSION = YES;
				CLANG_WARN_OBJC_IMPLICIT_RETAIN_SELF = YES;
				CLANG_WARN_OBJC_LITERAL_CONVERSION = YES;
				CLANG_WARN_OBJC_ROOT_CLASS = YES_ERROR;
				CLANG_WARN_QUOTED_INCLUDE_IN_FRAMEWORK_HEADER = YES;
				CLANG_WARN_RANGE_LOOP_ANALYSIS = YES;
				CLANG_WARN_STRICT_PROTOTYPES = YES;
				CLANG_WARN_SUSPICIOUS_MOVE = YES;
				CLANG_WARN_UNGUARDED_AVAILABILITY = YES_AGGRESSIVE;
				CLANG_WARN_UNREACHABLE_CODE = YES;
				CLANG_WARN__DUPLICATE_METHOD_MATCH = YES;
				COPY_PHASE_STRIP = NO;
				DEBUG_INFORMATION_FORMAT = "dwarf-with-dsym";
				ENABLE_NS_ASSERTIONS = NO;
				ENABLE_STRICT_OBJC_MSGSEND = YES;
				GCC_C_LANGUAGE_STANDARD = gnu11;
				GCC_NO_COMMON_BLOCKS = YES;
				GCC_WARN_64_TO_32_BIT_CONVERSION = YES;
				GCC_WARN_ABOUT_RETURN_TYPE = YES_ERROR;
				GCC_WARN_UNDECLARED_SELECTOR = YES;
				GCC_WARN_UNINITIALIZED_AUTOS = YES_AGGRESSIVE;
				GCC_WARN_UNUSED_FUNCTION = YES;
				GCC_WARN_UNUSED_VARIABLE = YES;
				IPHONEOS_DEPLOYMENT_TARGET = 16.0;
				MTL_ENABLE_DEBUG_INFO = NO;
				MTL_FAST_MATH = YES;
				SDKROOT = iphoneos;
				SWIFT_COMPILATION_MODE = wholemodule;
				SWIFT_OPTIMIZATION_LEVEL = "-O";
				VALIDATE_PRODUCT = YES;
			};
			name = Release;
		};
		E30F238B29705EFC006E6A6E /* Debug */ = {
			isa = XCBuildConfiguration;
			buildSettings = {
				ASSETCATALOG_COMPILER_APPICON_NAME = AppIcon;
				ASSETCATALOG_COMPILER_GLOBAL_ACCENT_COLOR_NAME = AccentColor;
				CODE_SIGN_STYLE = Automatic;
				CURRENT_PROJECT_VERSION = 1;
				DEVELOPMENT_ASSET_PATHS = "\"Chimp Test/Preview Content\"";
				DEVELOPMENT_TEAM = FH76A842AA;
				ENABLE_PREVIEWS = YES;
				GENERATE_INFOPLIST_FILE = YES;
				INFOPLIST_KEY_UIApplicationSceneManifest_Generation = YES;
				INFOPLIST_KEY_UIApplicationSupportsIndirectInputEvents = YES;
				INFOPLIST_KEY_UILaunchScreen_Generation = YES;
				INFOPLIST_KEY_UISupportedInterfaceOrientations_iPad = "UIInterfaceOrientationPortrait UIInterfaceOrientationPortraitUpsideDown UIInterfaceOrientationLandscapeLeft UIInterfaceOrientationLandscapeRight";
				INFOPLIST_KEY_UISupportedInterfaceOrientations_iPhone = "UIInterfaceOrientationPortrait UIInterfaceOrientationLandscapeLeft UIInterfaceOrientationLandscapeRight";
				LD_RUNPATH_SEARCH_PATHS = (
					"$(inherited)",
					"@executable_path/Frameworks",
				);
				MARKETING_VERSION = 1.0;
				PRODUCT_BUNDLE_IDENTIFIER = "awhite.Chimp-Test";
				PRODUCT_NAME = "$(TARGET_NAME)";
				SWIFT_EMIT_LOC_STRINGS = YES;
				SWIFT_VERSION = 5.0;
				TARGETED_DEVICE_FAMILY = "1,2";
			};
			name = Debug;
		};
		E30F238C29705EFC006E6A6E /* Release */ = {
			isa = XCBuildConfiguration;
			buildSettings = {
				ASSETCATALOG_COMPILER_APPICON_NAME = AppIcon;
				ASSETCATALOG_COMPILER_GLOBAL_ACCENT_COLOR_NAME = AccentColor;
				CODE_SIGN_STYLE = Automatic;
				CURRENT_PROJECT_VERSION = 1;
				DEVELOPMENT_ASSET_PATHS = "\"Chimp Test/Preview Content\"";
				DEVELOPMENT_TEAM = FH76A842AA;
				ENABLE_PREVIEWS = YES;
				GENERATE_INFOPLIST_FILE = YES;
				INFOPLIST_KEY_UIApplicationSceneManifest_Generation = YES;
				INFOPLIST_KEY_UIApplicationSupportsIndirectInputEvents = YES;
				INFOPLIST_KEY_UILaunchScreen_Generation = YES;
				INFOPLIST_KEY_UISupportedInterfaceOrientations_iPad = "UIInterfaceOrientationPortrait UIInterfaceOrientationPortraitUpsideDown UIInterfaceOrientationLandscapeLeft UIInterfaceOrientationLandscapeRight";
				INFOPLIST_KEY_UISupportedInterfaceOrientations_iPhone = "UIInterfaceOrientationPortrait UIInterfaceOrientationLandscapeLeft UIInterfaceOrientationLandscapeRight";
				LD_RUNPATH_SEARCH_PATHS = (
					"$(inherited)",
					"@executable_path/Frameworks",
				);
				MARKETING_VERSION = 1.0;
				PRODUCT_BUNDLE_IDENTIFIER = "awhite.Chimp-Test";
				PRODUCT_NAME = "$(TARGET_NAME)";
				SWIFT_EMIT_LOC_STRINGS = YES;
				SWIFT_VERSION = 5.0;
				TARGETED_DEVICE_FAMILY = "1,2";
			};
			name = Release;
		};
/* End XCBuildConfiguration section */

/* Begin XCConfigurationList section */
		E30F237729705EFA006E6A6E /* Build configuration list for PBXProject "Chimp Test" */ = {
			isa = XCConfigurationList;
			buildConfigurations = (
				E30F238829705EFC006E6A6E /* Debug */,
				E30F238929705EFC006E6A6E /* Release */,
			);
			defaultConfigurationIsVisible = 0;
			defaultConfigurationName = Release;
		};
		E30F238A29705EFC006E6A6E /* Build configuration list for PBXNativeTarget "Chimp Test" */ = {
			isa = XCConfigurationList;
			buildConfigurations = (
				E30F238B29705EFC006E6A6E /* Debug */,
				E30F238C29705EFC006E6A6E /* Release */,
			);
			defaultConfigurationIsVisible = 0;
			defaultConfigurationName = Release;
		};
/* End XCConfigurationList section */
	};
	rootObject = E30F237429705EFA006E6A6E /* Project object */;
}
